
Microsoft Visual Studio Solution File, Format Version 12.00
# Visual Studio Version 16
VisualStudioVersion = 16.0.31729.503
MinimumVisualStudioVersion = 10.0.40219.1
Project("{FAE04EC0-301F-11D3-BF4B-00C04F79EFBC}") = "30.10", "30.10\30.10.csproj", "{EBDD32AF-E94F-4BCB-A027-DF75659099EA}"
EndProject
Global
	GlobalSection(SolutionConfigurationPlatforms) = preSolution
		Debug|Any CPU = Debug|Any CPU
		Release|Any CPU = Release|Any CPU
	EndGlobalSection
	GlobalSection(ProjectConfigurationPlatforms) = postSolution
		{EBDD32AF-E94F-4BCB-A027-DF75659099EA}.Debug|Any CPU.ActiveCfg = Debug|Any CPU
		{EBDD32AF-E94F-4BCB-A027-DF75659099EA}.Debug|Any CPU.Build.0 = Debug|Any CPU
		{EBDD32AF-E94F-4BCB-A027-DF75659099EA}.Release|Any CPU.ActiveCfg = Release|Any CPU
		{EBDD32AF-E94F-4BCB-A027-DF75659099EA}.Release|Any CPU.Build.0 = Release|Any CPU
	EndGlobalSection
	GlobalSection(SolutionProperties) = preSolution
		HideSolutionNode = FALSE
	EndGlobalSection
	GlobalSection(ExtensibilityGlobals) = postSolution
		SolutionGuid = {8B114061-0E4B-47C6-BD85-45E5FF8463A2}
	EndGlobalSection
EndGlobal
