
Microsoft Visual Studio Solution File, Format Version 12.00
# Visual Studio Version 16
VisualStudioVersion = 16.0.31729.503
MinimumVisualStudioVersion = 10.0.40219.1
Project("{FAE04EC0-301F-11D3-BF4B-00C04F79EFBC}") = "FourthPic", "FourthPic\FourthPic.csproj", "{527BA294-0064-4A93-A2C0-7AF58FBF8266}"
EndProject
Global
	GlobalSection(SolutionConfigurationPlatforms) = preSolution
		Debug|Any CPU = Debug|Any CPU
		Release|Any CPU = Release|Any CPU
	EndGlobalSection
	GlobalSection(ProjectConfigurationPlatforms) = postSolution
		{527BA294-0064-4A93-A2C0-7AF58FBF8266}.Debug|Any CPU.ActiveCfg = Debug|Any CPU
		{527BA294-0064-4A93-A2C0-7AF58FBF8266}.Debug|Any CPU.Build.0 = Debug|Any CPU
		{527BA294-0064-4A93-A2C0-7AF58FBF8266}.Release|Any CPU.ActiveCfg = Release|Any CPU
		{527BA294-0064-4A93-A2C0-7AF58FBF8266}.Release|Any CPU.Build.0 = Release|Any CPU
	EndGlobalSection
	GlobalSection(SolutionProperties) = preSolution
		HideSolutionNode = FALSE
	EndGlobalSection
	GlobalSection(ExtensibilityGlobals) = postSolution
		SolutionGuid = {F148659F-B531-4D47-9C2F-BC4A4C7FA741}
	EndGlobalSection
EndGlobal
